
Microsoft Visual Studio Solution File, Format Version 12.00
Project("{2150E333-8FDC-42A3-9474-1A3956D46DE8}") = "src", "src", "{C6840718-D1B5-419F-9EC2-017E10D2B76C}"
EndProject
Project("{2150E333-8FDC-42A3-9474-1A3956D46DE8}") = "lib", "lib", "{BC27BA71-F451-4429-B7A5-8C5650AE45D9}"
EndProject
Project("{2150E333-8FDC-42A3-9474-1A3956D46DE8}") = "analyzers", "analyzers", "{DAE32D0F-31D6-441F-8E94-CAC0C3BC0C4F}"
EndProject
Project("{FAE04EC0-301F-11D3-BF4B-00C04F79EFBC}") = "Sentinel", "src\Sentinel.csproj", "{2E13CB9F-F285-4F2E-9DF2-A1626E97BFCA}"
EndProject
Global
	GlobalSection(SolutionConfigurationPlatforms) = preSolution
		Debug|Any CPU = Debug|Any CPU
		Release|Any CPU = Release|Any CPU
	EndGlobalSection
	GlobalSection(NestedProjects) = preSolution
		{2E13CB9F-F285-4F2E-9DF2-A1626E97BFCA} = {C6840718-D1B5-419F-9EC2-017E10D2B76C}
	EndGlobalSection
	GlobalSection(ProjectConfigurationPlatforms) = postSolution
		{2E13CB9F-F285-4F2E-9DF2-A1626E97BFCA}.Debug|Any CPU.ActiveCfg = Debug|Any CPU
		{2E13CB9F-F285-4F2E-9DF2-A1626E97BFCA}.Debug|Any CPU.Build.0 = Debug|Any CPU
		{2E13CB9F-F285-4F2E-9DF2-A1626E97BFCA}.Release|Any CPU.ActiveCfg = Release|Any CPU
		{2E13CB9F-F285-4F2E-9DF2-A1626E97BFCA}.Release|Any CPU.Build.0 = Release|Any CPU
	EndGlobalSection
EndGlobal
